
Microsoft Visual Studio Solution File, Format Version 12.00
# Visual Studio Version 17
VisualStudioVersion = 17.0.31903.59
MinimumVisualStudioVersion = 10.0.40219.1
Project("{FAE04EC0-301F-11D3-BF4B-00C04F79EFBC}") = "ApiAutomation.Core", "ApiAutomation.Core\ApiAutomation.Core.csproj", "{610BFDB6-4ED0-48A9-B5AD-CEB02F749228}"
EndProject
Project("{FAE04EC0-301F-11D3-BF4B-00C04F79EFBC}") = "ApiAutomation.Business", "ApiAutomation.Business\ApiAutomation.Business.csproj", "{602DCB2A-6A96-43FD-9163-433F95F0F89A}"
EndProject
Project("{FAE04EC0-301F-11D3-BF4B-00C04F79EFBC}") = "ApiAutomation.Tests", "ApiAutomation.Tests\ApiAutomation.Tests.csproj", "{A7F00CFE-1E0B-403D-ADDC-56C3926AEE14}"
EndProject
Global
	GlobalSection(SolutionConfigurationPlatforms) = preSolution
		Debug|Any CPU = Debug|Any CPU
		Debug|x64 = Debug|x64
		Debug|x86 = Debug|x86
		Release|Any CPU = Release|Any CPU
		Release|x64 = Release|x64
		Release|x86 = Release|x86
	EndGlobalSection
	GlobalSection(ProjectConfigurationPlatforms) = postSolution
		{610BFDB6-4ED0-48A9-B5AD-CEB02F749228}.Debug|Any CPU.ActiveCfg = Debug|Any CPU
		{610BFDB6-4ED0-48A9-B5AD-CEB02F749228}.Debug|Any CPU.Build.0 = Debug|Any CPU
		{610BFDB6-4ED0-48A9-B5AD-CEB02F749228}.Debug|x64.ActiveCfg = Debug|Any CPU
		{610BFDB6-4ED0-48A9-B5AD-CEB02F749228}.Debug|x64.Build.0 = Debug|Any CPU
		{610BFDB6-4ED0-48A9-B5AD-CEB02F749228}.Debug|x86.ActiveCfg = Debug|Any CPU
		{610BFDB6-4ED0-48A9-B5AD-CEB02F749228}.Debug|x86.Build.0 = Debug|Any CPU
		{610BFDB6-4ED0-48A9-B5AD-CEB02F749228}.Release|Any CPU.ActiveCfg = Release|Any CPU
		{610BFDB6-4ED0-48A9-B5AD-CEB02F749228}.Release|Any CPU.Build.0 = Release|Any CPU
		{610BFDB6-4ED0-48A9-B5AD-CEB02F749228}.Release|x64.ActiveCfg = Release|Any CPU
		{610BFDB6-4ED0-48A9-B5AD-CEB02F749228}.Release|x64.Build.0 = Release|Any CPU
		{610BFDB6-4ED0-48A9-B5AD-CEB02F749228}.Release|x86.ActiveCfg = Release|Any CPU
		{610BFDB6-4ED0-48A9-B5AD-CEB02F749228}.Release|x86.Build.0 = Release|Any CPU
		{602DCB2A-6A96-43FD-9163-433F95F0F89A}.Debug|Any CPU.ActiveCfg = Debug|Any CPU
		{602DCB2A-6A96-43FD-9163-433F95F0F89A}.Debug|Any CPU.Build.0 = Debug|Any CPU
		{602DCB2A-6A96-43FD-9163-433F95F0F89A}.Debug|x64.ActiveCfg = Debug|Any CPU
		{602DCB2A-6A96-43FD-9163-433F95F0F89A}.Debug|x64.Build.0 = Debug|Any CPU
		{602DCB2A-6A96-43FD-9163-433F95F0F89A}.Debug|x86.ActiveCfg = Debug|Any CPU
		{602DCB2A-6A96-43FD-9163-433F95F0F89A}.Debug|x86.Build.0 = Debug|Any CPU
		{602DCB2A-6A96-43FD-9163-433F95F0F89A}.Release|Any CPU.ActiveCfg = Release|Any CPU
		{602DCB2A-6A96-43FD-9163-433F95F0F89A}.Release|Any CPU.Build.0 = Release|Any CPU
		{602DCB2A-6A96-43FD-9163-433F95F0F89A}.Release|x64.ActiveCfg = Release|Any CPU
		{602DCB2A-6A96-43FD-9163-433F95F0F89A}.Release|x64.Build.0 = Release|Any CPU
		{602DCB2A-6A96-43FD-9163-433F95F0F89A}.Release|x86.ActiveCfg = Release|Any CPU
		{602DCB2A-6A96-43FD-9163-433F95F0F89A}.Release|x86.Build.0 = Release|Any CPU
		{A7F00CFE-1E0B-403D-ADDC-56C3926AEE14}.Debug|Any CPU.ActiveCfg = Debug|Any CPU
		{A7F00CFE-1E0B-403D-ADDC-56C3926AEE14}.Debug|Any CPU.Build.0 = Debug|Any CPU
		{A7F00CFE-1E0B-403D-ADDC-56C3926AEE14}.Debug|x64.ActiveCfg = Debug|Any CPU
		{A7F00CFE-1E0B-403D-ADDC-56C3926AEE14}.Debug|x64.Build.0 = Debug|Any CPU
		{A7F00CFE-1E0B-403D-ADDC-56C3926AEE14}.Debug|x86.ActiveCfg = Debug|Any CPU
		{A7F00CFE-1E0B-403D-ADDC-56C3926AEE14}.Debug|x86.Build.0 = Debug|Any CPU
		{A7F00CFE-1E0B-403D-ADDC-56C3926AEE14}.Release|Any CPU.ActiveCfg = Release|Any CPU
		{A7F00CFE-1E0B-403D-ADDC-56C3926AEE14}.Release|Any CPU.Build.0 = Release|Any CPU
		{A7F00CFE-1E0B-403D-ADDC-56C3926AEE14}.Release|x64.ActiveCfg = Release|Any CPU
		{A7F00CFE-1E0B-403D-ADDC-56C3926AEE14}.Release|x64.Build.0 = Release|Any CPU
		{A7F00CFE-1E0B-403D-ADDC-56C3926AEE14}.Release|x86.ActiveCfg = Release|Any CPU
		{A7F00CFE-1E0B-403D-ADDC-56C3926AEE14}.Release|x86.Build.0 = Release|Any CPU
	EndGlobalSection
	GlobalSection(SolutionProperties) = preSolution
		HideSolutionNode = FALSE
	EndGlobalSection
EndGlobal
